
Microsoft Visual Studio Solution File, Format Version 12.00
# Visual Studio 15
VisualStudioVersion = 15.0.28307.572
MinimumVisualStudioVersion = 10.0.40219.1
Project("{9A19103F-16F7-4668-BE54-9A1E7A4F7556}") = "Api", "HexagonalConcepto\Api.csproj", "{F91499BA-A25F-439B-BCC8-8315A388291F}"
EndProject
Project("{FAE04EC0-301F-11D3-BF4B-00C04F79EFBC}") = "Domain", "Domain\Domain.csproj", "{1E315FF3-4EDC-4146-A2D3-3749618BC195}"
EndProject
Project("{FAE04EC0-301F-11D3-BF4B-00C04F79EFBC}") = "Infraestructure", "Infraestructura\Infraestructure.csproj", "{F25FC61C-8B7B-4CAE-A61A-2189EFDDBD86}"
EndProject
Global
	GlobalSection(SolutionConfigurationPlatforms) = preSolution
		Debug|Any CPU = Debug|Any CPU
		Release|Any CPU = Release|Any CPU
	EndGlobalSection
	GlobalSection(ProjectConfigurationPlatforms) = postSolution
		{F91499BA-A25F-439B-BCC8-8315A388291F}.Debug|Any CPU.ActiveCfg = Debug|Any CPU
		{F91499BA-A25F-439B-BCC8-8315A388291F}.Debug|Any CPU.Build.0 = Debug|Any CPU
		{F91499BA-A25F-439B-BCC8-8315A388291F}.Release|Any CPU.ActiveCfg = Release|Any CPU
		{F91499BA-A25F-439B-BCC8-8315A388291F}.Release|Any CPU.Build.0 = Release|Any CPU
		{1E315FF3-4EDC-4146-A2D3-3749618BC195}.Debug|Any CPU.ActiveCfg = Debug|Any CPU
		{1E315FF3-4EDC-4146-A2D3-3749618BC195}.Debug|Any CPU.Build.0 = Debug|Any CPU
		{1E315FF3-4EDC-4146-A2D3-3749618BC195}.Release|Any CPU.ActiveCfg = Release|Any CPU
		{1E315FF3-4EDC-4146-A2D3-3749618BC195}.Release|Any CPU.Build.0 = Release|Any CPU
		{F25FC61C-8B7B-4CAE-A61A-2189EFDDBD86}.Debug|Any CPU.ActiveCfg = Debug|Any CPU
		{F25FC61C-8B7B-4CAE-A61A-2189EFDDBD86}.Debug|Any CPU.Build.0 = Debug|Any CPU
		{F25FC61C-8B7B-4CAE-A61A-2189EFDDBD86}.Release|Any CPU.ActiveCfg = Release|Any CPU
		{F25FC61C-8B7B-4CAE-A61A-2189EFDDBD86}.Release|Any CPU.Build.0 = Release|Any CPU
	EndGlobalSection
	GlobalSection(SolutionProperties) = preSolution
		HideSolutionNode = FALSE
	EndGlobalSection
	GlobalSection(ExtensibilityGlobals) = postSolution
		SolutionGuid = {49472FE3-890C-466B-871B-260F026ABAB4}
	EndGlobalSection
EndGlobal
